// !$*UTF8*$!
{
	archiveVersion = 1;
	classes = {
	};
	objectVersion = 50;
	objects = {

/* Begin PBXBuildFile section */
		EA89399A26B5F44C00E962D8 /* Hnet.com-image1.png in Resources */ = {isa = PBXBuildFile; fileRef = EA89399926B5F44C00E962D8 /* Hnet.com-image1.png */; };
		EA9188B226A14A1600B56362 /* SettingsViewController.swift in Sources */ = {isa = PBXBuildFile; fileRef = EA9188B126A14A1600B56362 /* SettingsViewController.swift */; };
		EA9D648D2697D38E00F6C13E /* AppDelegate.swift in Sources */ = {isa = PBXBuildFile; fileRef = EA9D648C2697D38E00F6C13E /* AppDelegate.swift */; };
		EA9D648F2697D38E00F6C13E /* SceneDelegate.swift in Sources */ = {isa = PBXBuildFile; fileRef = EA9D648E2697D38E00F6C13E /* SceneDelegate.swift */; };
		EA9D64912697D38E00F6C13E /* ViewController.swift in Sources */ = {isa = PBXBuildFile; fileRef = EA9D64902697D38E00F6C13E /* ViewController.swift */; };
		EA9D64942697D38E00F6C13E /* Main.storyboard in Resources */ = {isa = PBXBuildFile; fileRef = EA9D64922697D38E00F6C13E /* Main.storyboard */; };
		EA9D64972697D38E00F6C13E /* Prework.xcdatamodeld in Sources */ = {isa = PBXBuildFile; fileRef = EA9D64952697D38E00F6C13E /* Prework.xcdatamodeld */; };
		EA9D64992697D39600F6C13E /* Assets.xcassets in Resources */ = {isa = PBXBuildFile; fileRef = EA9D64982697D39600F6C13E /* Assets.xcassets */; };
		EA9D649C2697D39600F6C13E /* LaunchScreen.storyboard in Resources */ = {isa = PBXBuildFile; fileRef = EA9D649A2697D39600F6C13E /* LaunchScreen.storyboard */; };
		EA9D64A72697D39600F6C13E /* PreworkTests.swift in Sources */ = {isa = PBXBuildFile; fileRef = EA9D64A62697D39600F6C13E /* PreworkTests.swift */; };
		EA9D64B22697D39600F6C13E /* PreworkUITests.swift in Sources */ = {isa = PBXBuildFile; fileRef = EA9D64B12697D39600F6C13E /* PreworkUITests.swift */; };
/* End PBXBuildFile section */

/* Begin PBXContainerItemProxy section */
		EA9D64A32697D39600F6C13E /* PBXContainerItemProxy */ = {
			isa = PBXContainerItemProxy;
			containerPortal = EA9D64812697D38E00F6C13E /* Project object */;
			proxyType = 1;
			remoteGlobalIDString = EA9D64882697D38E00F6C13E;
			remoteInfo = Prework;
		};
		EA9D64AE2697D39600F6C13E /* PBXContainerItemProxy */ = {
			isa = PBXContainerItemProxy;
			containerPortal = EA9D64812697D38E00F6C13E /* Project object */;
			proxyType = 1;
			remoteGlobalIDString = EA9D64882697D38E00F6C13E;
			remoteInfo = Prework;
		};
/* End PBXContainerItemProxy section */

/* Begin PBXFileReference section */
		EA89399926B5F44C00E962D8 /* Hnet.com-image1.png */ = {isa = PBXFileReference; lastKnownFileType = image.png; path = "Hnet.com-image1.png"; sourceTree = "<group>"; };
		EA9188B126A14A1600B56362 /* SettingsViewController.swift */ = {isa = PBXFileReference; lastKnownFileType = sourcecode.swift; path = SettingsViewController.swift; sourceTree = SOURCE_ROOT; };
		EA9D64892697D38E00F6C13E /* Prework.app */ = {isa = PBXFileReference; explicitFileType = wrapper.application; includeInIndex = 0; path = Prework.app; sourceTree = BUILT_PRODUCTS_DIR; };
		EA9D648C2697D38E00F6C13E /* AppDelegate.swift */ = {isa = PBXFileReference; lastKnownFileType = sourcecode.swift; path = AppDelegate.swift; sourceTree = "<group>"; };
		EA9D648E2697D38E00F6C13E /* SceneDelegate.swift */ = {isa = PBXFileReference; lastKnownFileType = sourcecode.swift; path = SceneDelegate.swift; sourceTree = "<group>"; };
		EA9D64902697D38E00F6C13E /* ViewController.swift */ = {isa = PBXFileReference; lastKnownFileType = sourcecode.swift; path = ViewController.swift; sourceTree = "<group>"; };
		EA9D64932697D38E00F6C13E /* Base */ = {isa = PBXFileReference; lastKnownFileType = file.storyboard; name = Base; path = Base.lproj/Main.storyboard; sourceTree = "<group>"; };
		EA9D64962697D38E00F6C13E /* Prework.xcdatamodel */ = {isa = PBXFileReference; lastKnownFileType = wrapper.xcdatamodel; path = Prework.xcdatamodel; sourceTree = "<group>"; };
		EA9D64982697D39600F6C13E /* Assets.xcassets */ = {isa = PBXFileReference; lastKnownFileType = folder.assetcatalog; path = Assets.xcassets; sourceTree = "<group>"; };
		EA9D649B2697D39600F6C13E /* Base */ = {isa = PBXFileReference; lastKnownFileType = file.storyboard; name = Base; path = Base.lproj/LaunchScreen.storyboard; sourceTree = "<group>"; };
		EA9D649D2697D39600F6C13E /* Info.plist */ = {isa = PBXFileReference; lastKnownFileType = text.plist.xml; path = Info.plist; sourceTree = "<group>"; };
		EA9D64A22697D39600F6C13E /* PreworkTests.xctest */ = {isa = PBXFileReference; explicitFileType = wrapper.cfbundle; includeInIndex = 0; path = PreworkTests.xctest; sourceTree = BUILT_PRODUCTS_DIR; };
		EA9D64A62697D39600F6C13E /* PreworkTests.swift */ = {isa = PBXFileReference; lastKnownFileType = sourcecode.swift; path = PreworkTests.swift; sourceTree = "<group>"; };
		EA9D64A82697D39600F6C13E /* Info.plist */ = {isa = PBXFileReference; lastKnownFileType = text.plist.xml; path = Info.plist; sourceTree = "<group>"; };
		EA9D64AD2697D39600F6C13E /* PreworkUITests.xctest */ = {isa = PBXFileReference; explicitFileType = wrapper.cfbundle; includeInIndex = 0; path = PreworkUITests.xctest; sourceTree = BUILT_PRODUCTS_DIR; };
		EA9D64B12697D39600F6C13E /* PreworkUITests.swift */ = {isa = PBXFileReference; lastKnownFileType = sourcecode.swift; path = PreworkUITests.swift; sourceTree = "<group>"; };
		EA9D64B32697D39600F6C13E /* Info.plist */ = {isa = PBXFileReference; lastKnownFileType = text.plist.xml; path = Info.plist; sourceTree = "<group>"; };
/* End PBXFileReference section */

/* Begin PBXFrameworksBuildPhase section */
		EA9D64862697D38E00F6C13E /* Frameworks */ = {
			isa = PBXFrameworksBuildPhase;
			buildActionMask = 2147483647;
			files = (
			);
			runOnlyForDeploymentPostprocessing = 0;
		};
		EA9D649F2697D39600F6C13E /* Frameworks */ = {
			isa = PBXFrameworksBuildPhase;
			buildActionMask = 2147483647;
			files = (
			);
			runOnlyForDeploymentPostprocessing = 0;
		};
		EA9D64AA2697D39600F6C13E /* Frameworks */ = {
			isa = PBXFrameworksBuildPhase;
			buildActionMask = 2147483647;
			files = (
			);
			runOnlyForDeploymentPostprocessing = 0;
		};
/* End PBXFrameworksBuildPhase section */

/* Begin PBXGroup section */
		EA9D64802697D38E00F6C13E = {
			isa = PBXGroup;
			children = (
				EA9D648B2697D38E00F6C13E /* Prework */,
				EA9D64A52697D39600F6C13E /* PreworkTests */,
				EA9D64B02697D39600F6C13E /* PreworkUITests */,
				EA9D648A2697D38E00F6C13E /* Products */,
			);
			sourceTree = "<group>";
		};
		EA9D648A2697D38E00F6C13E /* Products */ = {
			isa = PBXGroup;
			children = (
				EA9D64892697D38E00F6C13E /* Prework.app */,
				EA9D64A22697D39600F6C13E /* PreworkTests.xctest */,
				EA9D64AD2697D39600F6C13E /* PreworkUITests.xctest */,
			);
			name = Products;
			sourceTree = "<group>";
		};
		EA9D648B2697D38E00F6C13E /* Prework */ = {
			isa = PBXGroup;
			children = (
				EA89399926B5F44C00E962D8 /* Hnet.com-image1.png */,
				EA9D648C2697D38E00F6C13E /* AppDelegate.swift */,
				EA9D648E2697D38E00F6C13E /* SceneDelegate.swift */,
				EA9D64902697D38E00F6C13E /* ViewController.swift */,
				EA9D64922697D38E00F6C13E /* Main.storyboard */,
				EA9188B126A14A1600B56362 /* SettingsViewController.swift */,
				EA9D64982697D39600F6C13E /* Assets.xcassets */,
				EA9D649A2697D39600F6C13E /* LaunchScreen.storyboard */,
				EA9D649D2697D39600F6C13E /* Info.plist */,
				EA9D64952697D38E00F6C13E /* Prework.xcdatamodeld */,
			);
			path = Prework;
			sourceTree = "<group>";
		};
		EA9D64A52697D39600F6C13E /* PreworkTests */ = {
			isa = PBXGroup;
			children = (
				EA9D64A62697D39600F6C13E /* PreworkTests.swift */,
				EA9D64A82697D39600F6C13E /* Info.plist */,
			);
			path = PreworkTests;
			sourceTree = "<group>";
		};
		EA9D64B02697D39600F6C13E /* PreworkUITests */ = {
			isa = PBXGroup;
			children = (
				EA9D64B12697D39600F6C13E /* PreworkUITests.swift */,
				EA9D64B32697D39600F6C13E /* Info.plist */,
			);
			path = PreworkUITests;
			sourceTree = "<group>";
		};
/* End PBXGroup section */

/* Begin PBXNativeTarget section */
		EA9D64882697D38E00F6C13E /* Prework */ = {
			isa = PBXNativeTarget;
			buildConfigurationList = EA9D64B62697D39600F6C13E /* Build configuration list for PBXNativeTarget "Prework" */;
			buildPhases = (
				EA9D64852697D38E00F6C13E /* Sources */,
				EA9D64862697D38E00F6C13E /* Frameworks */,
				EA9D64872697D38E00F6C13E /* Resources */,
			);
			buildRules = (
			);
			dependencies = (
			);
			name = Prework;
			productName = Prework;
			productReference = EA9D64892697D38E00F6C13E /* Prework.app */;
			productType = "com.apple.product-type.application";
		};
		EA9D64A12697D39600F6C13E /* PreworkTests */ = {
			isa = PBXNativeTarget;
			buildConfigurationList = EA9D64B92697D39600F6C13E /* Build configuration list for PBXNativeTarget "PreworkTests" */;
			buildPhases = (
				EA9D649E2697D39600F6C13E /* Sources */,
				EA9D649F2697D39600F6C13E /* Frameworks */,
				EA9D64A02697D39600F6C13E /* Resources */,
			);
			buildRules = (
			);
			dependencies = (
				EA9D64A42697D39600F6C13E /* PBXTargetDependency */,
			);
			name = PreworkTests;
			productName = PreworkTests;
			productReference = EA9D64A22697D39600F6C13E /* PreworkTests.xctest */;
			productType = "com.apple.product-type.bundle.unit-test";
		};
		EA9D64AC2697D39600F6C13E /* PreworkUITests */ = {
			isa = PBXNativeTarget;
			buildConfigurationList = EA9D64BC2697D39600F6C13E /* Build configuration list for PBXNativeTarget "PreworkUITests" */;
			buildPhases = (
				EA9D64A92697D39600F6C13E /* Sources */,
				EA9D64AA2697D39600F6C13E /* Frameworks */,
				EA9D64AB2697D39600F6C13E /* Resources */,
			);
			buildRules = (
			);
			dependencies = (
				EA9D64AF2697D39600F6C13E /* PBXTargetDependency */,
			);
			name = PreworkUITests;
			productName = PreworkUITests;
			productReference = EA9D64AD2697D39600F6C13E /* PreworkUITests.xctest */;
			productType = "com.apple.product-type.bundle.ui-testing";
		};
/* End PBXNativeTarget section */

/* Begin PBXProject section */
		EA9D64812697D38E00F6C13E /* Project object */ = {
			isa = PBXProject;
			attributes = {
				LastSwiftUpdateCheck = 1240;
				LastUpgradeCheck = 1240;
				TargetAttributes = {
					EA9D64882697D38E00F6C13E = {
						CreatedOnToolsVersion = 12.4;
					};
					EA9D64A12697D39600F6C13E = {
						CreatedOnToolsVersion = 12.4;
						TestTargetID = EA9D64882697D38E00F6C13E;
					};
					EA9D64AC2697D39600F6C13E = {
						CreatedOnToolsVersion = 12.4;
						TestTargetID = EA9D64882697D38E00F6C13E;
					};
				};
			};
			buildConfigurationList = EA9D64842697D38E00F6C13E /* Build configuration list for PBXProject "Prework" */;
			compatibilityVersion = "Xcode 9.3";
			developmentRegion = en;
			hasScannedForEncodings = 0;
			knownRegions = (
				en,
				Base,
			);
			mainGroup = EA9D64802697D38E00F6C13E;
			productRefGroup = EA9D648A2697D38E00F6C13E /* Products */;
			projectDirPath = "";
			projectRoot = "";
			targets = (
				EA9D64882697D38E00F6C13E /* Prework */,
				EA9D64A12697D39600F6C13E /* PreworkTests */,
				EA9D64AC2697D39600F6C13E /* PreworkUITests */,
			);
		};
/* End PBXProject section */

/* Begin PBXResourcesBuildPhase section */
		EA9D64872697D38E00F6C13E /* Resources */ = {
			isa = PBXResourcesBuildPhase;
			buildActionMask = 2147483647;
			files = (
				EA9D649C2697D39600F6C13E /* LaunchScreen.storyboard in Resources */,
				EA9D64992697D39600F6C13E /* Assets.xcassets in Resources */,
				EA9D64942697D38E00F6C13E /* Main.storyboard in Resources */,
				EA89399A26B5F44C00E962D8 /* Hnet.com-image1.png in Resources */,
			);
			runOnlyForDeploymentPostprocessing = 0;
		};
		EA9D64A02697D39600F6C13E /* Resources */ = {
			isa = PBXResourcesBuildPhase;
			buildActionMask = 2147483647;
			files = (
			);
			runOnlyForDeploymentPostprocessing = 0;
		};
		EA9D64AB2697D39600F6C13E /* Resources */ = {
			isa = PBXResourcesBuildPhase;
			buildActionMask = 2147483647;
			files = (
			);
			runOnlyForDeploymentPostprocessing = 0;
		};
/* End PBXResourcesBuildPhase section */

/* Begin PBXSourcesBuildPhase section */
		EA9D64852697D38E00F6C13E /* Sources */ = {
			isa = PBXSourcesBuildPhase;
			buildActionMask = 2147483647;
			files = (
				EA9D64912697D38E00F6C13E /* ViewController.swift in Sources */,
				EA9D648D2697D38E00F6C13E /* AppDelegate.swift in Sources */,
				EA9D64972697D38E00F6C13E /* Prework.xcdatamodeld in Sources */,
				EA9188B226A14A1600B56362 /* SettingsViewController.swift in Sources */,
				EA9D648F2697D38E00F6C13E /* SceneDelegate.swift in Sources */,
			);
			runOnlyForDeploymentPostprocessing = 0;
		};
		EA9D649E2697D39600F6C13E /* Sources */ = {
			isa = PBXSourcesBuildPhase;
			buildActionMask = 2147483647;
			files = (
				EA9D64A72697D39600F6C13E /* PreworkTests.swift in Sources */,
			);
			runOnlyForDeploymentPostprocessing = 0;
		};
		EA9D64A92697D39600F6C13E /* Sources */ = {
			isa = PBXSourcesBuildPhase;
			buildActionMask = 2147483647;
			files = (
				EA9D64B22697D39600F6C13E /* PreworkUITests.swift in Sources */,
			);
			runOnlyForDeploymentPostprocessing = 0;
		};
/* End PBXSourcesBuildPhase section */

/* Begin PBXTargetDependency section */
		EA9D64A42697D39600F6C13E /* PBXTargetDependency */ = {
			isa = PBXTargetDependency;
			target = EA9D64882697D38E00F6C13E /* Prework */;
			targetProxy = EA9D64A32697D39600F6C13E /* PBXContainerItemProxy */;
		};
		EA9D64AF2697D39600F6C13E /* PBXTargetDependency */ = {
			isa = PBXTargetDependency;
			target = EA9D64882697D38E00F6C13E /* Prework */;
			targetProxy = EA9D64AE2697D39600F6C13E /* PBXContainerItemProxy */;
		};
/* End PBXTargetDependency section */

/* Begin PBXVariantGroup section */
		EA9D64922697D38E00F6C13E /* Main.storyboard */ = {
			isa = PBXVariantGroup;
			children = (
				EA9D64932697D38E00F6C13E /* Base */,
			);
			name = Main.storyboard;
			sourceTree = "<group>";
		};
		EA9D649A2697D39600F6C13E /* LaunchScreen.storyboard */ = {
			isa = PBXVariantGroup;
			children = (
				EA9D649B2697D39600F6C13E /* Base */,
			);
			name = LaunchScreen.storyboard;
			sourceTree = "<group>";
		};
/* End PBXVariantGroup section */

/* Begin XCBuildConfiguration section */
		EA9D64B42697D39600F6C13E /* Debug */ = {
			isa = XCBuildConfiguration;
			buildSettings = {
				ALWAYS_SEARCH_USER_PATHS = NO;
				CLANG_ANALYZER_NONNULL = YES;
				CLANG_ANALYZER_NUMBER_OBJECT_CONVERSION = YES_AGGRESSIVE;
				CLANG_CXX_LANGUAGE_STANDARD = "gnu++14";
				CLANG_CXX_LIBRARY = "libc++";
				CLANG_ENABLE_MODULES = YES;
				CLANG_ENABLE_OBJC_ARC = YES;
				CLANG_ENABLE_OBJC_WEAK = YES;
				CLANG_WARN_BLOCK_CAPTURE_AUTORELEASING = YES;
				CLANG_WARN_BOOL_CONVERSION = YES;
				CLANG_WARN_COMMA = YES;
				CLANG_WARN_CONSTANT_CONVERSION = YES;
				CLANG_WARN_DEPRECATED_OBJC_IMPLEMENTATIONS = YES;
				CLANG_WARN_DIRECT_OBJC_ISA_USAGE = YES_ERROR;
				CLANG_WARN_DOCUMENTATION_COMMENTS = YES;
				CLANG_WARN_EMPTY_BODY = YES;
				CLANG_WARN_ENUM_CONVERSION = YES;
				CLANG_WARN_INFINITE_RECURSION = YES;
				CLANG_WARN_INT_CONVERSION = YES;
				CLANG_WARN_NON_LITERAL_NULL_CONVERSION = YES;
				CLANG_WARN_OBJC_IMPLICIT_RETAIN_SELF = YES;
				CLANG_WARN_OBJC_LITERAL_CONVERSION = YES;
				CLANG_WARN_OBJC_ROOT_CLASS = YES_ERROR;
				CLANG_WARN_QUOTED_INCLUDE_IN_FRAMEWORK_HEADER = YES;
				CLANG_WARN_RANGE_LOOP_ANALYSIS = YES;
				CLANG_WARN_STRICT_PROTOTYPES = YES;
				CLANG_WARN_SUSPICIOUS_MOVE = YES;
				CLANG_WARN_UNGUARDED_AVAILABILITY = YES_AGGRESSIVE;
				CLANG_WARN_UNREACHABLE_CODE = YES;
				CLANG_WARN__DUPLICATE_METHOD_MATCH = YES;
				COPY_PHASE_STRIP = NO;
				DEBUG_INFORMATION_FORMAT = dwarf;
				ENABLE_STRICT_OBJC_MSGSEND = YES;
				ENABLE_TESTABILITY = YES;
				GCC_C_LANGUAGE_STANDARD = gnu11;
				GCC_DYNAMIC_NO_PIC = NO;
				GCC_NO_COMMON_BLOCKS = YES;
				GCC_OPTIMIZATION_LEVEL = 0;
				GCC_PREPROCESSOR_DEFINITIONS = (
					"DEBUG=1",
					"$(inherited)",
				);
				GCC_WARN_64_TO_32_BIT_CONVERSION = YES;
				GCC_WARN_ABOUT_RETURN_TYPE = YES_ERROR;
				GCC_WARN_UNDECLARED_SELECTOR = YES;
				GCC_WARN_UNINITIALIZED_AUTOS = YES_AGGRESSIVE;
				GCC_WARN_UNUSED_FUNCTION = YES;
				GCC_WARN_UNUSED_VARIABLE = YES;
				IPHONEOS_DEPLOYMENT_TARGET = 14.4;
				MTL_ENABLE_DEBUG_INFO = INCLUDE_SOURCE;
				MTL_FAST_MATH = YES;
				ONLY_ACTIVE_ARCH = YES;
				SDKROOT = iphoneos;
				SWIFT_ACTIVE_COMPILATION_CONDITIONS = DEBUG;
				SWIFT_OPTIMIZATION_LEVEL = "-Onone";
			};
			name = Debug;
		};
		EA9D64B52697D39600F6C13E /* Release */ = {
			isa = XCBuildConfiguration;
			buildSettings = {
				ALWAYS_SEARCH_USER_PATHS = NO;
				CLANG_ANALYZER_NONNULL = YES;
				CLANG_ANALYZER_NUMBER_OBJECT_CONVERSION = YES_AGGRESSIVE;
				CLANG_CXX_LANGUAGE_STANDARD = "gnu++14";
				CLANG_CXX_LIBRARY = "libc++";
				CLANG_ENABLE_MODULES = YES;
				CLANG_ENABLE_OBJC_ARC = YES;
				CLANG_ENABLE_OBJC_WEAK = YES;
				CLANG_WARN_BLOCK_CAPTURE_AUTORELEASING = YES;
				CLANG_WARN_BOOL_CONVERSION = YES;
				CLANG_WARN_COMMA = YES;
				CLANG_WARN_CONSTANT_CONVERSION = YES;
				CLANG_WARN_DEPRECATED_OBJC_IMPLEMENTATIONS = YES;
				CLANG_WARN_DIRECT_OBJC_ISA_USAGE = YES_ERROR;
				CLANG_WARN_DOCUMENTATION_COMMENTS = YES;
				CLANG_WARN_EMPTY_BODY = YES;
				CLANG_WARN_ENUM_CONVERSION = YES;
				CLANG_WARN_INFINITE_RECURSION = YES;
				CLANG_WARN_INT_CONVERSION = YES;
				CLANG_WARN_NON_LITERAL_NULL_CONVERSION = YES;
				CLANG_WARN_OBJC_IMPLICIT_RETAIN_SELF = YES;
				CLANG_WARN_OBJC_LITERAL_CONVERSION = YES;
				CLANG_WARN_OBJC_ROOT_CLASS = YES_ERROR;
				CLANG_WARN_QUOTED_INCLUDE_IN_FRAMEWORK_HEADER = YES;
				CLANG_WARN_RANGE_LOOP_ANALYSIS = YES;
				CLANG_WARN_STRICT_PROTOTYPES = YES;
				CLANG_WARN_SUSPICIOUS_MOVE = YES;
				CLANG_WARN_UNGUARDED_AVAILABILITY = YES_AGGRESSIVE;
				CLANG_WARN_UNREACHABLE_CODE = YES;
				CLANG_WARN__DUPLICATE_METHOD_MATCH = YES;
				COPY_PHASE_STRIP = NO;
				DEBUG_INFORMATION_FORMAT = "dwarf-with-dsym";
				ENABLE_NS_ASSERTIONS = NO;
				ENABLE_STRICT_OBJC_MSGSEND = YES;
				GCC_C_LANGUAGE_STANDARD = gnu11;
				GCC_NO_COMMON_BLOCKS = YES;
				GCC_WARN_64_TO_32_BIT_CONVERSION = YES;
				GCC_WARN_ABOUT_RETURN_TYPE = YES_ERROR;
				GCC_WARN_UNDECLARED_SELECTOR = YES;
				GCC_WARN_UNINITIALIZED_AUTOS = YES_AGGRESSIVE;
				GCC_WARN_UNUSED_FUNCTION = YES;
				GCC_WARN_UNUSED_VARIABLE = YES;
				IPHONEOS_DEPLOYMENT_TARGET = 14.4;
				MTL_ENABLE_DEBUG_INFO = NO;
				MTL_FAST_MATH = YES;
				SDKROOT = iphoneos;
				SWIFT_COMPILATION_MODE = wholemodule;
				SWIFT_OPTIMIZATION_LEVEL = "-O";
				VALIDATE_PRODUCT = YES;
			};
			name = Release;
		};
		EA9D64B72697D39600F6C13E /* Debug */ = {
			isa = XCBuildConfiguration;
			buildSettings = {
				ASSETCATALOG_COMPILER_APPICON_NAME = AppIcon;
				ASSETCATALOG_COMPILER_GLOBAL_ACCENT_COLOR_NAME = AccentColor;
				CODE_SIGN_STYLE = Automatic;
				DEVELOPMENT_TEAM = DN7LD68ZY3;
				INFOPLIST_FILE = Prework/Info.plist;
				LD_RUNPATH_SEARCH_PATHS = (
					"$(inherited)",
					"@executable_path/Frameworks",
				);
				PRODUCT_BUNDLE_IDENTIFIER = chan.Prework;
				PRODUCT_NAME = "$(TARGET_NAME)";
				SWIFT_VERSION = 5.0;
				TARGETED_DEVICE_FAMILY = "1,2";
			};
			name = Debug;
		};
		EA9D64B82697D39600F6C13E /* Release */ = {
			isa = XCBuildConfiguration;
			buildSettings = {
				ASSETCATALOG_COMPILER_APPICON_NAME = AppIcon;
				ASSETCATALOG_COMPILER_GLOBAL_ACCENT_COLOR_NAME = AccentColor;
				CODE_SIGN_STYLE = Automatic;
				DEVELOPMENT_TEAM = DN7LD68ZY3;
				INFOPLIST_FILE = Prework/Info.plist;
				LD_RUNPATH_SEARCH_PATHS = (
					"$(inherited)",
					"@executable_path/Frameworks",
				);
				PRODUCT_BUNDLE_IDENTIFIER = chan.Prework;
				PRODUCT_NAME = "$(TARGET_NAME)";
				SWIFT_VERSION = 5.0;
				TARGETED_DEVICE_FAMILY = "1,2";
			};
			name = Release;
		};
		EA9D64BA2697D39600F6C13E /* Debug */ = {
			isa = XCBuildConfiguration;
			buildSettings = {
				ALWAYS_EMBED_SWIFT_STANDARD_LIBRARIES = YES;
				BUNDLE_LOADER = "$(TEST_HOST)";
				CODE_SIGN_STYLE = Automatic;
				INFOPLIST_FILE = PreworkTests/Info.plist;
				IPHONEOS_DEPLOYMENT_TARGET = 14.4;
				LD_RUNPATH_SEARCH_PATHS = (
					"$(inherited)",
					"@executable_path/Frameworks",
					"@loader_path/Frameworks",
				);
				PRODUCT_BUNDLE_IDENTIFIER = chan.PreworkTests;
				PRODUCT_NAME = "$(TARGET_NAME)";
				SWIFT_VERSION = 5.0;
				TARGETED_DEVICE_FAMILY = "1,2";
				TEST_HOST = "$(BUILT_PRODUCTS_DIR)/Prework.app/Prework";
			};
			name = Debug;
		};
		EA9D64BB2697D39600F6C13E /* Release */ = {
			isa = XCBuildConfiguration;
			buildSettings = {
				ALWAYS_EMBED_SWIFT_STANDARD_LIBRARIES = YES;
				BUNDLE_LOADER = "$(TEST_HOST)";
				CODE_SIGN_STYLE = Automatic;
				INFOPLIST_FILE = PreworkTests/Info.plist;
				IPHONEOS_DEPLOYMENT_TARGET = 14.4;
				LD_RUNPATH_SEARCH_PATHS = (
					"$(inherited)",
					"@executable_path/Frameworks",
					"@loader_path/Frameworks",
				);
				PRODUCT_BUNDLE_IDENTIFIER = chan.PreworkTests;
				PRODUCT_NAME = "$(TARGET_NAME)";
				SWIFT_VERSION = 5.0;
				TARGETED_DEVICE_FAMILY = "1,2";
				TEST_HOST = "$(BUILT_PRODUCTS_DIR)/Prework.app/Prework";
			};
			name = Release;
		};
		EA9D64BD2697D39600F6C13E /* Debug */ = {
			isa = XCBuildConfiguration;
			buildSettings = {
				ALWAYS_EMBED_SWIFT_STANDARD_LIBRARIES = YES;
				CODE_SIGN_STYLE = Automatic;
				INFOPLIST_FILE = PreworkUITests/Info.plist;
				LD_RUNPATH_SEARCH_PATHS = (
					"$(inherited)",
					"@executable_path/Frameworks",
					"@loader_path/Frameworks",
				);
				PRODUCT_BUNDLE_IDENTIFIER = chan.PreworkUITests;
				PRODUCT_NAME = "$(TARGET_NAME)";
				SWIFT_VERSION = 5.0;
				TARGETED_DEVICE_FAMILY = "1,2";
				TEST_TARGET_NAME = Prework;
			};
			name = Debug;
		};
		EA9D64BE2697D39600F6C13E /* Release */ = {
			isa = XCBuildConfiguration;
			buildSettings = {
				ALWAYS_EMBED_SWIFT_STANDARD_LIBRARIES = YES;
				CODE_SIGN_STYLE = Automatic;
				INFOPLIST_FILE = PreworkUITests/Info.plist;
				LD_RUNPATH_SEARCH_PATHS = (
					"$(inherited)",
					"@executable_path/Frameworks",
					"@loader_path/Frameworks",
				);
				PRODUCT_BUNDLE_IDENTIFIER = chan.PreworkUITests;
				PRODUCT_NAME = "$(TARGET_NAME)";
				SWIFT_VERSION = 5.0;
				TARGETED_DEVICE_FAMILY = "1,2";
				TEST_TARGET_NAME = Prework;
			};
			name = Release;
		};
/* End XCBuildConfiguration section */

/* Begin XCConfigurationList section */
		EA9D64842697D38E00F6C13E /* Build configuration list for PBXProject "Prework" */ = {
			isa = XCConfigurationList;
			buildConfigurations = (
				EA9D64B42697D39600F6C13E /* Debug */,
				EA9D64B52697D39600F6C13E /* Release */,
			);
			defaultConfigurationIsVisible = 0;
			defaultConfigurationName = Release;
		};
		EA9D64B62697D39600F6C13E /* Build configuration list for PBXNativeTarget "Prework" */ = {
			isa = XCConfigurationList;
			buildConfigurations = (
				EA9D64B72697D39600F6C13E /* Debug */,
				EA9D64B82697D39600F6C13E /* Release */,
			);
			defaultConfigurationIsVisible = 0;
			defaultConfigurationName = Release;
		};
		EA9D64B92697D39600F6C13E /* Build configuration list for PBXNativeTarget "PreworkTests" */ = {
			isa = XCConfigurationList;
			buildConfigurations = (
				EA9D64BA2697D39600F6C13E /* Debug */,
				EA9D64BB2697D39600F6C13E /* Release */,
			);
			defaultConfigurationIsVisible = 0;
			defaultConfigurationName = Release;
		};
		EA9D64BC2697D39600F6C13E /* Build configuration list for PBXNativeTarget "PreworkUITests" */ = {
			isa = XCConfigurationList;
			buildConfigurations = (
				EA9D64BD2697D39600F6C13E /* Debug */,
				EA9D64BE2697D39600F6C13E /* Release */,
			);
			defaultConfigurationIsVisible = 0;
			defaultConfigurationName = Release;
		};
/* End XCConfigurationList section */

/* Begin XCVersionGroup section */
		EA9D64952697D38E00F6C13E /* Prework.xcdatamodeld */ = {
			isa = XCVersionGroup;
			children = (
				EA9D64962697D38E00F6C13E /* Prework.xcdatamodel */,
			);
			currentVersion = EA9D64962697D38E00F6C13E /* Prework.xcdatamodel */;
			path = Prework.xcdatamodeld;
			sourceTree = "<group>";
			versionGroupType = wrapper.xcdatamodel;
		};
/* End XCVersionGroup section */
	};
	rootObject = EA9D64812697D38E00F6C13E /* Project object */;
}
